
Microsoft Visual Studio Solution File, Format Version 12.00
# Visual Studio Version 17
VisualStudioVersion = 17.8.34309.116
MinimumVisualStudioVersion = 10.0.40219.1
Project("{FAE04EC0-301F-11D3-BF4B-00C04F79EFBC}") = "Interswitch_API", "Interswitch_API\Interswitch_API.csproj", "{D9D76B4E-FB4A-46E2-A848-FDD0283F72AE}"
EndProject
Global
	GlobalSection(SolutionConfigurationPlatforms) = preSolution
		Debug|Any CPU = Debug|Any CPU
		Release|Any CPU = Release|Any CPU
	EndGlobalSection
	GlobalSection(ProjectConfigurationPlatforms) = postSolution
		{D9D76B4E-FB4A-46E2-A848-FDD0283F72AE}.Debug|Any CPU.ActiveCfg = Debug|Any CPU
		{D9D76B4E-FB4A-46E2-A848-FDD0283F72AE}.Debug|Any CPU.Build.0 = Debug|Any CPU
		{D9D76B4E-FB4A-46E2-A848-FDD0283F72AE}.Release|Any CPU.ActiveCfg = Release|Any CPU
		{D9D76B4E-FB4A-46E2-A848-FDD0283F72AE}.Release|Any CPU.Build.0 = Release|Any CPU
	EndGlobalSection
	GlobalSection(SolutionProperties) = preSolution
		HideSolutionNode = FALSE
	EndGlobalSection
	GlobalSection(ExtensibilityGlobals) = postSolution
		SolutionGuid = {B4BAF31B-03FA-44D1-858E-7D61D2E9E1FA}
	EndGlobalSection
EndGlobal
